[{"get_len":[[21],[]],"get_at":[[19],[]],"main":[[2,0,2,1,2,2,2,3,15],[{"Int":2},{"Int":10},{"Array":{"ty":"Int","arr":[{"Int":1},{"Int":16}]}},{"String":"devide_base"}]],"devide_base":[[13,0,13,1,13,2,14,0,2,0,15,14,1,2,0,15,14,2,2,0,15],[{"String":"log"}]],"push":[[13,0,13,1,14,0,14,1,20],[]],"log":[[1],[]]},[],"main","728d8125696a29550834c1eaa8e929b3"]